
Microsoft Visual Studio Solution File, Format Version 12.00
# Visual Studio Version 16
VisualStudioVersion = 16.0.30517.126
MinimumVisualStudioVersion = 10.0.40219.1
Project("{FAE04EC0-301F-11D3-BF4B-00C04F79EFBC}") = "WindowsFormsApp1", "WindowsFormsApp1\WindowsFormsApp1.csproj", "{4C620FE4-B85F-486C-BBD2-39C2090E960B}"
EndProject
Global
	GlobalSection(SolutionConfigurationPlatforms) = preSolution
		Debug|Any CPU = Debug|Any CPU
		Release|Any CPU = Release|Any CPU
	EndGlobalSection
	GlobalSection(ProjectConfigurationPlatforms) = postSolution
		{4C620FE4-B85F-486C-BBD2-39C2090E960B}.Debug|Any CPU.ActiveCfg = Debug|Any CPU
		{4C620FE4-B85F-486C-BBD2-39C2090E960B}.Debug|Any CPU.Build.0 = Debug|Any CPU
		{4C620FE4-B85F-486C-BBD2-39C2090E960B}.Release|Any CPU.ActiveCfg = Release|Any CPU
		{4C620FE4-B85F-486C-BBD2-39C2090E960B}.Release|Any CPU.Build.0 = Release|Any CPU
	EndGlobalSection
	GlobalSection(SolutionProperties) = preSolution
		HideSolutionNode = FALSE
	EndGlobalSection
	GlobalSection(ExtensibilityGlobals) = postSolution
		SolutionGuid = {28C91726-8D8C-4F5E-BFC9-1A3221D60E0C}
	EndGlobalSection
EndGlobal
